
Microsoft Visual Studio Solution File, Format Version 12.00
# Visual Studio Version 17
VisualStudioVersion = 17.11.35327.3
MinimumVisualStudioVersion = 10.0.40219.1
Project("{FAE04EC0-301F-11D3-BF4B-00C04F79EFBC}") = "TurneroApp.API", "TurneroApp.API\TurneroApp.API.csproj", "{2847B7BF-116F-4685-B253-4FE69E8FCBFC}"
EndProject
Project("{2150E333-8FDC-42A3-9474-1A3956D46DE8}") = "Solution Items", "Solution Items", "{81806159-A92D-430A-BB67-DCF8BCBDA4F1}"
	ProjectSection(SolutionItems) = preProject
		railway.toml = railway.toml
	EndProjectSection
EndProject
Global
	GlobalSection(SolutionConfigurationPlatforms) = preSolution
		Debug|Any CPU = Debug|Any CPU
		Release|Any CPU = Release|Any CPU
	EndGlobalSection
	GlobalSection(ProjectConfigurationPlatforms) = postSolution
		{2847B7BF-116F-4685-B253-4FE69E8FCBFC}.Debug|Any CPU.ActiveCfg = Debug|Any CPU
		{2847B7BF-116F-4685-B253-4FE69E8FCBFC}.Debug|Any CPU.Build.0 = Debug|Any CPU
		{2847B7BF-116F-4685-B253-4FE69E8FCBFC}.Release|Any CPU.ActiveCfg = Release|Any CPU
		{2847B7BF-116F-4685-B253-4FE69E8FCBFC}.Release|Any CPU.Build.0 = Release|Any CPU
	EndGlobalSection
	GlobalSection(SolutionProperties) = preSolution
		HideSolutionNode = FALSE
	EndGlobalSection
	GlobalSection(ExtensibilityGlobals) = postSolution
		SolutionGuid = {B2112814-37F4-4F09-8072-D6E20A57406A}
	EndGlobalSection
EndGlobal
